
Microsoft Visual Studio Solution File, Format Version 12.00
# Visual Studio Version 16
VisualStudioVersion = 16.0.29609.76
MinimumVisualStudioVersion = 10.0.40219.1
Project("{9A19103F-16F7-4668-BE54-9A1E7A4F7556}") = "Euchre", "Euchre\Euchre.csproj", "{3A908CD2-B6E6-4CF8-BFD5-FF662F99692E}"
EndProject
Project("{FAE04EC0-301F-11D3-BF4B-00C04F79EFBC}") = "EuchreConsole", "EuchreConsole\EuchreConsole.csproj", "{797BA9A0-5949-4A6F-8A8A-D40A02221700}"
EndProject
Global
	GlobalSection(SolutionConfigurationPlatforms) = preSolution
		Debug|Any CPU = Debug|Any CPU
		Release|Any CPU = Release|Any CPU
	EndGlobalSection
	GlobalSection(ProjectConfigurationPlatforms) = postSolution
		{3A908CD2-B6E6-4CF8-BFD5-FF662F99692E}.Debug|Any CPU.ActiveCfg = Debug|Any CPU
		{3A908CD2-B6E6-4CF8-BFD5-FF662F99692E}.Debug|Any CPU.Build.0 = Debug|Any CPU
		{3A908CD2-B6E6-4CF8-BFD5-FF662F99692E}.Release|Any CPU.ActiveCfg = Release|Any CPU
		{3A908CD2-B6E6-4CF8-BFD5-FF662F99692E}.Release|Any CPU.Build.0 = Release|Any CPU
		{797BA9A0-5949-4A6F-8A8A-D40A02221700}.Debug|Any CPU.ActiveCfg = Debug|Any CPU
		{797BA9A0-5949-4A6F-8A8A-D40A02221700}.Debug|Any CPU.Build.0 = Debug|Any CPU
		{797BA9A0-5949-4A6F-8A8A-D40A02221700}.Release|Any CPU.ActiveCfg = Release|Any CPU
		{797BA9A0-5949-4A6F-8A8A-D40A02221700}.Release|Any CPU.Build.0 = Release|Any CPU
	EndGlobalSection
	GlobalSection(SolutionProperties) = preSolution
		HideSolutionNode = FALSE
	EndGlobalSection
	GlobalSection(ExtensibilityGlobals) = postSolution
		SolutionGuid = {4A140F61-4E0C-4326-B404-216A6C74D66F}
	EndGlobalSection
EndGlobal
